# This file was autogenerated by Stack.
# You should not edit this file by hand.
# For more information, please see the documentation at:
#   https://docs.haskellstack.org/en/stable/topics/lock_files

packages:
- completed:
    hackage: jsaddle-0.9.9.3@sha256:b2cd9ef8f97d4a1e28d4ee6eecf3c9681a2150a82ec5205811dc7d0334d20be5,4708
    pantry-tree:
      sha256: 2209792df54c8842e78db319d4880a35acfd911b3143e20a64d39b44201d9407
      size: 4330
  original:
    hackage: jsaddle-0.9.9.3@sha256:b2cd9ef8f97d4a1e28d4ee6eecf3c9681a2150a82ec5205811dc7d0334d20be5,4708
- completed:
    hackage: miso-1.8.7.0@sha256:7481cffa5318c0e69c76a4c7b0d541670ba1e1aa509e5d297dcafcc96376ac56,3934
    pantry-tree:
      sha256: 85ab181f889cb99aad122040edf8ebf8b926ec6f645d11f188af98bfa0b68602
      size: 3129
  original:
    hackage: miso-1.8.7.0@sha256:7481cffa5318c0e69c76a4c7b0d541670ba1e1aa509e5d297dcafcc96376ac56,3934
- completed:
    hackage: servant-lucid-0.9.0.6@sha256:b7de9f07a056037a10cc012136e7cabc2e685403791d2c0cb0a92f16e3ade6ac,1877
    pantry-tree:
      sha256: e114ca4d839d8081869c8d0f0c19046f69db9cca803f2a9a2531683e077a6530
      size: 392
  original:
    hackage: servant-lucid-0.9.0.6@sha256:b7de9f07a056037a10cc012136e7cabc2e685403791d2c0cb0a92f16e3ade6ac,1877
- completed:
    hackage: jsaddle-warp-0.9.9.5@sha256:ab68bd3720fb97078c5ae7545a7ebee05ac01f5c169f05365eb2cd28fcce1a4a,4910
    pantry-tree:
      sha256: 8502056255e51c0755c0d901195cde788c88a1c14cf0ee820590ea789ef9c0cb
      size: 3206
  original:
    hackage: jsaddle-warp-0.9.9.5@sha256:ab68bd3720fb97078c5ae7545a7ebee05ac01f5c169f05365eb2cd28fcce1a4a,4910
snapshots:
- completed:
    sha256: 428ec8d5ce932190d3cbe266b9eb3c175cd81e984babf876b64019e2cbe4ea68
    size: 590100
    url: https://raw.githubusercontent.com/commercialhaskell/stackage-snapshots/master/lts/18/28.yaml
  original: lts-18.28
